# This file was autogenerated by Stack.
# You should not edit this file by hand.
# For more information, please see the documentation at:
#   https://docs.haskellstack.org/en/stable/lock_files

packages:
- completed:
    hackage: string-interpolate-0.1.0.1@sha256:6efbc888a2986ee80ddd014fded600de113554684fe5eaca87cf02ab59cfa95c,1999
    pantry-tree:
      size: 614
      sha256: cc0dd03158125caf1766efa7ad76ff53743f8fb41a4db4aff9b57f322c0dd824
  original:
    hackage: string-interpolate-0.1.0.1
- completed:
    hackage: req-2.1.0@sha256:ca64dfb2076e56f7a79e54e5e4a8ea36217769c7aa0b2d89cfc327cb4aa77abc,4751
    pantry-tree:
      size: 712
      sha256: f70f0958d3fe86d46b5fc25e37b50de8ef278c2cad2ddb7164809dab199a49ca
  original:
    hackage: req-2.1.0
- completed:
    hackage: retry-0.8.0.1@sha256:149393f74ce7504e171d71046936e58841ccfa0e59a37809824b6d68c04a36e5,2207
    pantry-tree:
      size: 433
      sha256: d0cfb99557baafa97f0c269c72fca810dd37d958e86056f345c24956f1e05977
  original:
    hackage: retry-0.8.0.1@sha256:149393f74ce7504e171d71046936e58841ccfa0e59a37809824b6d68c04a36e5,2207
snapshots:
- completed:
    size: 500539
    url: https://raw.githubusercontent.com/commercialhaskell/stackage-snapshots/master/lts/13/29.yaml
    sha256: 006398c5e92d1d64737b7e98ae4d63987c36808814504d1451f56ebd98093f75
  original: lts-13.29
